
Microsoft Visual Studio Solution File, Format Version 12.00
# Visual Studio Version 17
VisualStudioVersion = 17.11.35208.52
MinimumVisualStudioVersion = 10.0.40219.1
Project("{FAE04EC0-301F-11D3-BF4B-00C04F79EFBC}") = "Kursach", "Kursach\Kursach.csproj", "{1F15991E-9C53-4311-BEB8-05F0A1E3CC14}"
EndProject
Project("{FAE04EC0-301F-11D3-BF4B-00C04F79EFBC}") = "KursFront", "KursFront\KursFront.csproj", "{3514580A-03BE-4DE3-B4E3-0C54210727FD}"
EndProject
Global
	GlobalSection(SolutionConfigurationPlatforms) = preSolution
		Debug|Any CPU = Debug|Any CPU
		Release|Any CPU = Release|Any CPU
	EndGlobalSection
	GlobalSection(ProjectConfigurationPlatforms) = postSolution
		{1F15991E-9C53-4311-BEB8-05F0A1E3CC14}.Debug|Any CPU.ActiveCfg = Debug|Any CPU
		{1F15991E-9C53-4311-BEB8-05F0A1E3CC14}.Debug|Any CPU.Build.0 = Debug|Any CPU
		{1F15991E-9C53-4311-BEB8-05F0A1E3CC14}.Release|Any CPU.ActiveCfg = Release|Any CPU
		{1F15991E-9C53-4311-BEB8-05F0A1E3CC14}.Release|Any CPU.Build.0 = Release|Any CPU
		{3514580A-03BE-4DE3-B4E3-0C54210727FD}.Debug|Any CPU.ActiveCfg = Debug|Any CPU
		{3514580A-03BE-4DE3-B4E3-0C54210727FD}.Debug|Any CPU.Build.0 = Debug|Any CPU
		{3514580A-03BE-4DE3-B4E3-0C54210727FD}.Release|Any CPU.ActiveCfg = Release|Any CPU
		{3514580A-03BE-4DE3-B4E3-0C54210727FD}.Release|Any CPU.Build.0 = Release|Any CPU
	EndGlobalSection
	GlobalSection(SolutionProperties) = preSolution
		HideSolutionNode = FALSE
	EndGlobalSection
	GlobalSection(ExtensibilityGlobals) = postSolution
		SolutionGuid = {A74E5A46-950D-4D05-844C-C7771EA5F017}
	EndGlobalSection
EndGlobal
